{
  "name": "apcosys-web",
  "version": "1.0.0",
  "lockfileVersion": 3,
  "requires": true,
  "packages": {
    "": {
      "name": "apcosys-web",
      "version": "1.0.0",
      "dependencies": {
        "gsap": "3.13.0",
        "react": "19.3.0",
        "react-dom": "19.3.0"
      },
      "devDependencies": {
        "@axe-core/playwright": "4.13.0",
        "@eslint/js": "9.39.5",
        "@playwright/test": "1.63.0",
        "@types/node": "22.20.5",
        "@types/react": "19.3.0",
        "@types/react-dom": "19.3.0",
        "@vitejs/plugin-react": "6.1.1",
        "eslint": "9.39.5",
        "eslint-plugin-react-hooks": "7.1.1",
        "eslint-plugin-react-refresh": "0.5.7",
        "globals": "17.13.0",
        "prettier": "3.9.9",
        "typescript": "5.9.3",
        "typescript-eslint": "8.71.0",
        "vite": "8.3.2"
      },
      "engines": {
        "node": ">=22.12.0"
      }
    },
    "node_modules/@axe-core/playwright": {
      "version": "4.13.0",
      "resolved": "https://registry.npmjs.org/@axe-core/playwright/-/playwright-4.13.0.tgz",
      "integrity": "sha512-6YLx+kxXu5GJceG4ozFg+33a2EMTdjYwWGloJ3sb9Kta5pp+ZNS53uxGVog5JetIY8s++P5UrtX+cri+u0VAVg==",
      "dev": true,
      "license": "MPL-2.0",
      "dependencies": {
        "axe-core": "~4.13.0"
      },
      "peerDependencies": {
        "playwright-core": ">= 1.0.0"
      }
    },
    "node_modules/@babel/code-frame": {
      "version": "7.29.7",
      "resolved": "https://registry.npm¶»§q«^